// !$*UTF8*$!
{
	archiveVersion = 1;
	classes = {
	};
	objectVersion = 55;
	objects = {

/* Begin PBXBuildFile section */
		24C5B934742A24D913539E12 /* Pods_TilesByKia.framework in Frameworks */ = {isa = PBXBuildFile; fileRef = 50AFC078D5D7153159BB9002 /* Pods_TilesByKia.framework */; };
		57CC34552826D79500BDABDE /* AppDelegate.swift in Sources */ = {isa = PBXBuildFile; fileRef = 57CC34542826D79500BDABDE /* AppDelegate.swift */; };
		57CC34572826D79500BDABDE /* SceneDelegate.swift in Sources */ = {isa = PBXBuildFile; fileRef = 57CC34562826D79500BDABDE /* SceneDelegate.swift */; };
		57CC34592826D79500BDABDE /* ViewController.swift in Sources */ = {isa = PBXBuildFile; fileRef = 57CC34582826D79500BDABDE /* ViewController.swift */; };
		57CC345C2826D79500BDABDE /* Main.storyboard in Resources */ = {isa = PBXBuildFile; fileRef = 57CC345A2826D79500BDABDE /* Main.storyboard */; };
		57CC345E2826D79700BDABDE /* Assets.xcassets in Resources */ = {isa = PBXBuildFile; fileRef = 57CC345D2826D79700BDABDE /* Assets.xcassets */; };
		57CC34612826D79700BDABDE /* LaunchScreen.storyboard in Resources */ = {isa = PBXBuildFile; fileRef = 57CC345F2826D79700BDABDE /* LaunchScreen.storyboard */; };
		57CC34692826D7EB00BDABDE /* GoogleService-Info.plist in Resources */ = {isa = PBXBuildFile; fileRef = 57CC34682826D7EB00BDABDE /* GoogleService-Info.plist */; };
		57CC346B2826DA3500BDABDE /* ListViewController.swift in Sources */ = {isa = PBXBuildFile; fileRef = 57CC346A2826DA3500BDABDE /* ListViewController.swift */; };
		57CC346D2826DA7D00BDABDE /* ScanViewController.swift in Sources */ = {isa = PBXBuildFile; fileRef = 57CC346C2826DA7D00BDABDE /* ScanViewController.swift */; };
		57CC346F2826DAB200BDABDE /* ItemDetailViewController.swift in Sources */ = {isa = PBXBuildFile; fileRef = 57CC346E2826DAB200BDABDE /* ItemDetailViewController.swift */; };
		57CC34712826E19C00BDABDE /* DatabaseManager.swift in Sources */ = {isa = PBXBuildFile; fileRef = 57CC34702826E19C00BDABDE /* DatabaseManager.swift */; };
		57CC34732826E1D700BDABDE /* Item.swift in Sources */ = {isa = PBXBuildFile; fileRef = 57CC34722826E1D700BDABDE /* Item.swift */; };
		57CC34772826ECFA00BDABDE /* ItemTableViewCell.swift in Sources */ = {isa = PBXBuildFile; fileRef = 57CC34762826ECFA00BDABDE /* ItemTableViewCell.swift */; };
/* End PBXBuildFile section */

/* Begin PBXFileReference section */
		2A66EBE68AA8E96804A01506 /* Pods-TilesByKia.debug.xcconfig */ = {isa = PBXFileReference; includeInIndex = 1; lastKnownFileType = text.xcconfig; name = "Pods-TilesByKia.debug.xcconfig"; path = "Target Support Files/Pods-TilesByKia/Pods-TilesByKia.debug.xcconfig"; sourceTree = "<group>"; };
		50AFC078D5D7153159BB9002 /* Pods_TilesByKia.framework */ = {isa = PBXFileReference; explicitFileType = wrapper.framework; includeInIndex = 0; path = Pods_TilesByKia.framework; sourceTree = BUILT_PRODUCTS_DIR; };
		57CC34512826D79500BDABDE /* TilesByKia.app */ = {isa = PBXFileReference; explicitFileType = wrapper.application; includeInIndex = 0; path = TilesByKia.app; sourceTree = BUILT_PRODUCTS_DIR; };
		57CC34542826D79500BDABDE /* AppDelegate.swift */ = {isa = PBXFileReference; lastKnownFileType = sourcecode.swift; path = AppDelegate.swift; sourceTree = "<group>"; };
		57CC34562826D79500BDABDE /* SceneDelegate.swift */ = {isa = PBXFileReference; lastKnownFileType = sourcecode.swift; path = SceneDelegate.swift; sourceTree = "<group>"; };
		57CC34582826D79500BDABDE /* ViewController.swift */ = {isa = PBXFileReference; lastKnownFileType = sourcecode.swift; path = ViewController.swift; sourceTree = "<group>"; };
		57CC345B2826D79500BDABDE /* Base */ = {isa = PBXFileReference; lastKnownFileType = file.storyboard; name = Base; path = Base.lproj/Main.storyboard; sourceTree = "<group>"; };
		57CC345D2826D79700BDABDE /* Assets.xcassets */ = {isa = PBXFileReference; lastKnownFileType = folder.assetcatalog; path = Assets.xcassets; sourceTree = "<group>"; };
		57CC34602826D79700BDABDE /* Base */ = {isa = PBXFileReference; lastKnownFileType = file.storyboard; name = Base; path = Base.lproj/LaunchScreen.storyboard; sourceTree = "<group>"; };
		57CC34622826D79700BDABDE /* Info.plist */ = {isa = PBXFileReference; lastKnownFileType = text.plist.xml; path = Info.plist; sourceTree = "<group>"; };
		57CC34682826D7EB00BDABDE /* GoogleService-Info.plist */ = {isa = PBXFileReference; fileEncoding = 4; lastKnownFileType = text.plist.xml; path = "GoogleService-Info.plist"; sourceTree = "<group>"; };
		57CC346A2826DA3500BDABDE /* ListViewController.swift */ = {isa = PBXFileReference; lastKnownFileType = sourcecode.swift; path = ListViewController.swift; sourceTree = "<group>"; };
		57CC346C2826DA7D00BDABDE /* ScanViewController.swift */ = {isa = PBXFileReference; lastKnownFileType = sourcecode.swift; path = ScanViewController.swift; sourceTree = "<group>"; };
		57CC346E2826DAB200BDABDE /* ItemDetailViewController.swift */ = {isa = PBXFileReference; lastKnownFileType = sourcecode.swift; path = ItemDetailViewController.swift; sourceTree = "<group>"; };
		57CC34702826E19C00BDABDE /* DatabaseManager.swift */ = {isa = PBXFileReference; lastKnownFileType = sourcecode.swift; path = DatabaseManager.swift; sourceTree = "<group>"; };
		57CC34722826E1D700BDABDE /* Item.swift */ = {isa = PBXFileReference; lastKnownFileType = sourcecode.swift; path = Item.swift; sourceTree = "<group>"; };
		57CC34762826ECFA00BDABDE /* ItemTableViewCell.swift */ = {isa = PBXFileReference; lastKnownFileType = sourcecode.swift; path = ItemTableViewCell.swift; sourceTree = "<group>"; };
		FBACA9D6CDE381CA39707B19 /* Pods-TilesByKia.release.xcconfig */ = {isa = PBXFileReference; includeInIndex = 1; lastKnownFileType = text.xcconfig; name = "Pods-TilesByKia.release.xcconfig"; path = "Target Support Files/Pods-TilesByKia/Pods-TilesByKia.release.xcconfig"; sourceTree = "<group>"; };
/* End PBXFileReference section */

/* Begin PBXFrameworksBuildPhase section */
		57CC344E2826D79500BDABDE /* Frameworks */ = {
			isa = PBXFrameworksBuildPhase;
			buildActionMask = 2147483647;
			files = (
				24C5B934742A24D913539E12 /* Pods_TilesByKia.framework in Frameworks */,
			);
			runOnlyForDeploymentPostprocessing = 0;
		};
/* End PBXFrameworksBuildPhase section */

/* Begin PBXGroup section */
		57CC34482826D79500BDABDE = {
			isa = PBXGroup;
			children = (
				57CC34532826D79500BDABDE /* TilesByKia */,
				57CC34522826D79500BDABDE /* Products */,
				CA3C740F5CC48D8A096E1EDC /* Pods */,
				E3737C6C08E4D721D5583B4D /* Frameworks */,
			);
			sourceTree = "<group>";
		};
		57CC34522826D79500BDABDE /* Products */ = {
			isa = PBXGroup;
			children = (
				57CC34512826D79500BDABDE /* TilesByKia.app */,
			);
			name = Products;
			sourceTree = "<group>";
		};
		57CC34532826D79500BDABDE /* TilesByKia */ = {
			isa = PBXGroup;
			children = (
				57CC34542826D79500BDABDE /* AppDelegate.swift */,
				57CC34722826E1D700BDABDE /* Item.swift */,
				57CC34762826ECFA00BDABDE /* ItemTableViewCell.swift */,
				57CC34702826E19C00BDABDE /* DatabaseManager.swift */,
				57CC34562826D79500BDABDE /* SceneDelegate.swift */,
				57CC34582826D79500BDABDE /* ViewController.swift */,
				57CC346A2826DA3500BDABDE /* ListViewController.swift */,
				57CC346C2826DA7D00BDABDE /* ScanViewController.swift */,
				57CC346E2826DAB200BDABDE /* ItemDetailViewController.swift */,
				57CC345A2826D79500BDABDE /* Main.storyboard */,
				57CC345D2826D79700BDABDE /* Assets.xcassets */,
				57CC345F2826D79700BDABDE /* LaunchScreen.storyboard */,
				57CC34622826D79700BDABDE /* Info.plist */,
				57CC34682826D7EB00BDABDE /* GoogleService-Info.plist */,
			);
			path = TilesByKia;
			sourceTree = "<group>";
		};
		CA3C740F5CC48D8A096E1EDC /* Pods */ = {
			isa = PBXGroup;
			children = (
				2A66EBE68AA8E96804A01506 /* Pods-TilesByKia.debug.xcconfig */,
				FBACA9D6CDE381CA39707B19 /* Pods-TilesByKia.release.xcconfig */,
			);
			path = Pods;
			sourceTree = "<group>";
		};
		E3737C6C08E4D721D5583B4D /* Frameworks */ = {
			isa = PBXGroup;
			children = (
				50AFC078D5D7153159BB9002 /* Pods_TilesByKia.framework */,
			);
			name = Frameworks;
			sourceTree = "<group>";
		};
/* End PBXGroup section */

/* Begin PBXNativeTarget section */
		57CC34502826D79500BDABDE /* TilesByKia */ = {
			isa = PBXNativeTarget;
			buildConfigurationList = 57CC34652826D79700BDABDE /* Build configuration list for PBXNativeTarget "TilesByKia" */;
			buildPhases = (
				EC61A65F754AEC6762BCDB39 /* [CP] Check Pods Manifest.lock */,
				57CC344D2826D79500BDABDE /* Sources */,
				57CC344E2826D79500BDABDE /* Frameworks */,
				57CC344F2826D79500BDABDE /* Resources */,
				0A13B44726FBF1C954B0BD8D /* [CP] Embed Pods Frameworks */,
			);
			buildRules = (
			);
			dependencies = (
			);
			name = TilesByKia;
			productName = TilesByKia;
			productReference = 57CC34512826D79500BDABDE /* TilesByKia.app */;
			productType = "com.apple.product-type.application";
		};
/* End PBXNativeTarget section */

/* Begin PBXProject section */
		57CC34492826D79500BDABDE /* Project object */ = {
			isa = PBXProject;
			attributes = {
				BuildIndependentTargetsInParallel = 1;
				LastSwiftUpdateCheck = 1330;
				LastUpgradeCheck = 1330;
				TargetAttributes = {
					57CC34502826D79500BDABDE = {
						CreatedOnToolsVersion = 13.3;
					};
				};
			};
			buildConfigurationList = 57CC344C2826D79500BDABDE /* Build configuration list for PBXProject "TilesByKia" */;
			compatibilityVersion = "Xcode 13.0";
			developmentRegion = en;
			hasScannedForEncodings = 0;
			knownRegions = (
				en,
				Base,
			);
			mainGroup = 57CC34482826D79500BDABDE;
			productRefGroup = 57CC34522826D79500BDABDE /* Products */;
			projectDirPath = "";
			projectRoot = "";
			targets = (
				57CC34502826D79500BDABDE /* TilesByKia */,
			);
		};
/* End PBXProject section */

/* Begin PBXResourcesBuildPhase section */
		57CC344F2826D79500BDABDE /* Resources */ = {
			isa = PBXResourcesBuildPhase;
			buildActionMask = 2147483647;
			files = (
				57CC34612826D79700BDABDE /* LaunchScreen.storyboard in Resources */,
				57CC345E2826D79700BDABDE /* Assets.xcassets in Resources */,
				57CC34692826D7EB00BDABDE /* GoogleService-Info.plist in Resources */,
				57CC345C2826D79500BDABDE /* Main.storyboard in Resources */,
			);
			runOnlyForDeploymentPostprocessing = 0;
		};
/* End PBXResourcesBuildPhase section */

/* Begin PBXShellScriptBuildPhase section */
		0A13B44726FBF1C954B0BD8D /* [CP] Embed Pods Frameworks */ = {
			isa = PBXShellScriptBuildPhase;
			buildActionMask = 2147483647;
			files = (
			);
			inputFileListPaths = (
				"${PODS_ROOT}/Target Support Files/Pods-TilesByKia/Pods-TilesByKia-frameworks-${CONFIGURATION}-input-files.xcfilelist",
			);
			name = "[CP] Embed Pods Frameworks";
			outputFileListPaths = (
				"${PODS_ROOT}/Target Support Files/Pods-TilesByKia/Pods-TilesByKia-frameworks-${CONFIGURATION}-output-files.xcfilelist",
			);
			runOnlyForDeploymentPostprocessing = 0;
			shellPath = /bin/sh;
			shellScript = "\"${PODS_ROOT}/Target Support Files/Pods-TilesByKia/Pods-TilesByKia-frameworks.sh\"\n";
			showEnvVarsInLog = 0;
		};
		EC61A65F754AEC6762BCDB39 /* [CP] Check Pods Manifest.lock */ = {
			isa = PBXShellScriptBuildPhase;
			buildActionMask = 2147483647;
			files = (
			);
			inputFileListPaths = (
			);
			inputPaths = (
				"${PODS_PODFILE_DIR_PATH}/Podfile.lock",
				"${PODS_ROOT}/Manifest.lock",
			);
			name = "[CP] Check Pods Manifest.lock";
			outputFileListPaths = (
			);
			outputPaths = (
				"$(DERIVED_FILE_DIR)/Pods-TilesByKia-checkManifestLockResult.txt",
			);
			runOnlyForDeploymentPostprocessing = 0;
			shellPath = /bin/sh;
			shellScript = "diff \"${PODS_PODFILE_DIR_PATH}/Podfile.lock\" \"${PODS_ROOT}/Manifest.lock\" > /dev/null\nif [ $? != 0 ] ; then\n    # print error to STDERR\n    echo \"error: The sandbox is not in sync with the Podfile.lock. Run 'pod install' or update your CocoaPods installation.\" >&2\n    exit 1\nfi\n# This output is used by Xcode 'outputs' to avoid re-running this script phase.\necho \"SUCCESS\" > \"${SCRIPT_OUTPUT_FILE_0}\"\n";
			showEnvVarsInLog = 0;
		};
/* End PBXShellScriptBuildPhase section */

/* Begin PBXSourcesBuildPhase section */
		57CC344D2826D79500BDABDE /* Sources */ = {
			isa = PBXSourcesBuildPhase;
			buildActionMask = 2147483647;
			files = (
				57CC34592826D79500BDABDE /* ViewController.swift in Sources */,
				57CC34772826ECFA00BDABDE /* ItemTableViewCell.swift in Sources */,
				57CC34552826D79500BDABDE /* AppDelegate.swift in Sources */,
				57CC346F2826DAB200BDABDE /* ItemDetailViewController.swift in Sources */,
				57CC346D2826DA7D00BDABDE /* ScanViewController.swift in Sources */,
				57CC34732826E1D700BDABDE /* Item.swift in Sources */,
				57CC346B2826DA3500BDABDE /* ListViewController.swift in Sources */,
				57CC34572826D79500BDABDE /* SceneDelegate.swift in Sources */,
				57CC34712826E19C00BDABDE /* DatabaseManager.swift in Sources */,
			);
			runOnlyForDeploymentPostprocessing = 0;
		};
/* End PBXSourcesBuildPhase section */

/* Begin PBXVariantGroup section */
		57CC345A2826D79500BDABDE /* Main.storyboard */ = {
			isa = PBXVariantGroup;
			children = (
				57CC345B2826D79500BDABDE /* Base */,
			);
			name = Main.storyboard;
			sourceTree = "<group>";
		};
		57CC345F2826D79700BDABDE /* LaunchScreen.storyboard */ = {
			isa = PBXVariantGroup;
			children = (
				57CC34602826D79700BDABDE /* Base */,
			);
			name = LaunchScreen.storyboard;
			sourceTree = "<group>";
		};
/* End PBXVariantGroup section */

/* Begin XCBuildConfiguration section */
		57CC34632826D79700BDABDE /* Debug */ = {
			isa = XCBuildConfiguration;
			buildSettings = {
				ALWAYS_SEARCH_USER_PATHS = NO;
				CLANG_ANALYZER_NONNULL = YES;
				CLANG_ANALYZER_NUMBER_OBJECT_CONVERSION = YES_AGGRESSIVE;
				CLANG_CXX_LANGUAGE_STANDARD = "gnu++17";
				CLANG_ENABLE_MODULES = YES;
				CLANG_ENABLE_OBJC_ARC = YES;
				CLANG_ENABLE_OBJC_WEAK = YES;
				CLANG_WARN_BLOCK_CAPTURE_AUTORELEASING = YES;
				CLANG_WARN_BOOL_CONVERSION = YES;
				CLANG_WARN_COMMA = YES;
				CLANG_WARN_CONSTANT_CONVERSION = YES;
				CLANG_WARN_DEPRECATED_OBJC_IMPLEMENTATIONS = YES;
				CLANG_WARN_DIRECT_OBJC_ISA_USAGE = YES_ERROR;
				CLANG_WARN_DOCUMENTATION_COMMENTS = YES;
				CLANG_WARN_EMPTY_BODY = YES;
				CLANG_WARN_ENUM_CONVERSION = YES;
				CLANG_WARN_INFINITE_RECURSION = YES;
				CLANG_WARN_INT_CONVERSION = YES;
				CLANG_WARN_NON_LITERAL_NULL_CONVERSION = YES;
				CLANG_WARN_OBJC_IMPLICIT_RETAIN_SELF = YES;
				CLANG_WARN_OBJC_LITERAL_CONVERSION = YES;
				CLANG_WARN_OBJC_ROOT_CLASS = YES_ERROR;
				CLANG_WARN_QUOTED_INCLUDE_IN_FRAMEWORK_HEADER = YES;
				CLANG_WARN_RANGE_LOOP_ANALYSIS = YES;
				CLANG_WARN_STRICT_PROTOTYPES = YES;
				CLANG_WARN_SUSPICIOUS_MOVE = YES;
				CLANG_WARN_UNGUARDED_AVAILABILITY = YES_AGGRESSIVE;
				CLANG_WARN_UNREACHABLE_CODE = YES;
				CLANG_WARN__DUPLICATE_METHOD_MATCH = YES;
				COPY_PHASE_STRIP = NO;
				DEBUG_INFORMATION_FORMAT = dwarf;
				ENABLE_STRICT_OBJC_MSGSEND = YES;
				ENABLE_TESTABILITY = YES;
				GCC_C_LANGUAGE_STANDARD = gnu11;
				GCC_DYNAMIC_NO_PIC = NO;
				GCC_NO_COMMON_BLOCKS = YES;
				GCC_OPTIMIZATION_LEVEL = 0;
				GCC_PREPROCESSOR_DEFINITIONS = (
					"DEBUG=1",
					"$(inherited)",
				);
				GCC_WARN_64_TO_32_BIT_CONVERSION = YES;
				GCC_WARN_ABOUT_RETURN_TYPE = YES_ERROR;
				GCC_WARN_UNDECLARED_SELECTOR = YES;
				GCC_WARN_UNINITIALIZED_AUTOS = YES_AGGRESSIVE;
				GCC_WARN_UNUSED_FUNCTION = YES;
				GCC_WARN_UNUSED_VARIABLE = YES;
				IPHONEOS_DEPLOYMENT_TARGET = 15.4;
				MTL_ENABLE_DEBUG_INFO = INCLUDE_SOURCE;
				MTL_FAST_MATH = YES;
				ONLY_ACTIVE_ARCH = YES;
				SDKROOT = iphoneos;
				SWIFT_ACTIVE_COMPILATION_CONDITIONS = DEBUG;
				SWIFT_OPTIMIZATION_LEVEL = "-Onone";
			};
			name = Debug;
		};
		57CC34642826D79700BDABDE /* Release */ = {
			isa = XCBuildConfiguration;
			buildSettings = {
				ALWAYS_SEARCH_USER_PATHS = NO;
				CLANG_ANALYZER_NONNULL = YES;
				CLANG_ANALYZER_NUMBER_OBJECT_CONVERSION = YES_AGGRESSIVE;
				CLANG_CXX_LANGUAGE_STANDARD = "gnu++17";
				CLANG_ENABLE_MODULES = YES;
				CLANG_ENABLE_OBJC_ARC = YES;
				CLANG_ENABLE_OBJC_WEAK = YES;
				CLANG_WARN_BLOCK_CAPTURE_AUTORELEASING = YES;
				CLANG_WARN_BOOL_CONVERSION = YES;
				CLANG_WARN_COMMA = YES;
				CLANG_WARN_CONSTANT_CONVERSION = YES;
				CLANG_WARN_DEPRECATED_OBJC_IMPLEMENTATIONS = YES;
				CLANG_WARN_DIRECT_OBJC_ISA_USAGE = YES_ERROR;
				CLANG_WARN_DOCUMENTATION_COMMENTS = YES;
				CLANG_WARN_EMPTY_BODY = YES;
				CLANG_WARN_ENUM_CONVERSION = YES;
				CLANG_WARN_INFINITE_RECURSION = YES;
				CLANG_WARN_INT_CONVERSION = YES;
				CLANG_WARN_NON_LITERAL_NULL_CONVERSION = YES;
				CLANG_WARN_OBJC_IMPLICIT_RETAIN_SELF = YES;
				CLANG_WARN_OBJC_LITERAL_CONVERSION = YES;
				CLANG_WARN_OBJC_ROOT_CLASS = YES_ERROR;
				CLANG_WARN_QUOTED_INCLUDE_IN_FRAMEWORK_HEADER = YES;
				CLANG_WARN_RANGE_LOOP_ANALYSIS = YES;
				CLANG_WARN_STRICT_PROTOTYPES = YES;
				CLANG_WARN_SUSPICIOUS_MOVE = YES;
				CLANG_WARN_UNGUARDED_AVAILABILITY = YES_AGGRESSIVE;
				CLANG_WARN_UNREACHABLE_CODE = YES;
				CLANG_WARN__DUPLICATE_METHOD_MATCH = YES;
				COPY_PHASE_STRIP = NO;
				DEBUG_INFORMATION_FORMAT = "dwarf-with-dsym";
				ENABLE_NS_ASSERTIONS = NO;
				ENABLE_STRICT_OBJC_MSGSEND = YES;
				GCC_C_LANGUAGE_STANDARD = gnu11;
				GCC_NO_COMMON_BLOCKS = YES;
				GCC_WARN_64_TO_32_BIT_CONVERSION = YES;
				GCC_WARN_ABOUT_RETURN_TYPE = YES_ERROR;
				GCC_WARN_UNDECLARED_SELECTOR = YES;
				GCC_WARN_UNINITIALIZED_AUTOS = YES_AGGRESSIVE;
				GCC_WARN_UNUSED_FUNCTION = YES;
				GCC_WARN_UNUSED_VARIABLE = YES;
				IPHONEOS_DEPLOYMENT_TARGET = 15.4;
				MTL_ENABLE_DEBUG_INFO = NO;
				MTL_FAST_MATH = YES;
				SDKROOT = iphoneos;
				SWIFT_COMPILATION_MODE = wholemodule;
				SWIFT_OPTIMIZATION_LEVEL = "-O";
				VALIDATE_PRODUCT = YES;
			};
			name = Release;
		};
		57CC34662826D79700BDABDE /* Debug */ = {
			isa = XCBuildConfiguration;
			baseConfigurationReference = 2A66EBE68AA8E96804A01506 /* Pods-TilesByKia.debug.xcconfig */;
			buildSettings = {
				ASSETCATALOG_COMPILER_APPICON_NAME = AppIcon;
				ASSETCATALOG_COMPILER_GLOBAL_ACCENT_COLOR_NAME = AccentColor;
				CODE_SIGN_STYLE = Automatic;
				CURRENT_PROJECT_VERSION = 1;
				DEVELOPMENT_TEAM = L2LP5P6TWN;
				GENERATE_INFOPLIST_FILE = YES;
				INFOPLIST_FILE = TilesByKia/Info.plist;
				INFOPLIST_KEY_NSCameraUsageDescription = "\"Please allow access to camera to scan items.\"";
				INFOPLIST_KEY_UIApplicationSupportsIndirectInputEvents = YES;
				INFOPLIST_KEY_UILaunchStoryboardName = LaunchScreen;
				INFOPLIST_KEY_UIMainStoryboardFile = Main;
				INFOPLIST_KEY_UISupportedInterfaceOrientations = "UIInterfaceOrientationPortrait UIInterfaceOrientationPortraitUpsideDown";
				INFOPLIST_KEY_UISupportedInterfaceOrientations_iPad = "UIInterfaceOrientationPortrait UIInterfaceOrientationPortraitUpsideDown UIInterfaceOrientationLandscapeLeft UIInterfaceOrientationLandscapeRight";
				INFOPLIST_KEY_UISupportedInterfaceOrientations_iPhone = "UIInterfaceOrientationPortrait UIInterfaceOrientationLandscapeLeft UIInterfaceOrientationLandscapeRight";
				INFOPLIST_KEY_UIUserInterfaceStyle = Light;
				LD_RUNPATH_SEARCH_PATHS = (
					"$(inherited)",
					"@executable_path/Frameworks",
				);
				MARKETING_VERSION = 1.0;
				PRODUCT_BUNDLE_IDENTIFIER = com.brocode.TilesByKia;
				PRODUCT_NAME = "$(TARGET_NAME)";
				SWIFT_EMIT_LOC_STRINGS = YES;
				SWIFT_VERSION = 5.0;
				TARGETED_DEVICE_FAMILY = 1;
			};
			name = Debug;
		};
		57CC34672826D79700BDABDE /* Release */ = {
			isa = XCBuildConfiguration;
			baseConfigurationReference = FBACA9D6CDE381CA39707B19 /* Pods-TilesByKia.release.xcconfig */;
			buildSettings = {
				ASSETCATALOG_COMPILER_APPICON_NAME = AppIcon;
				ASSETCATALOG_COMPILER_GLOBAL_ACCENT_COLOR_NAME = AccentColor;
				CODE_SIGN_STYLE = Automatic;
				CURRENT_PROJECT_VERSION = 1;
				DEVELOPMENT_TEAM = L2LP5P6TWN;
				GENERATE_INFOPLIST_FILE = YES;
				INFOPLIST_FILE = TilesByKia/Info.plist;
				INFOPLIST_KEY_NSCameraUsageDescription = "\"Please allow access to camera to scan items.\"";
				INFOPLIST_KEY_UIApplicationSupportsIndirectInputEvents = YES;
				INFOPLIST_KEY_UILaunchStoryboardName = LaunchScreen;
				INFOPLIST_KEY_UIMainStoryboardFile = Main;
				INFOPLIST_KEY_UISupportedInterfaceOrientations = "UIInterfaceOrientationPortrait UIInterfaceOrientationPortraitUpsideDown";
				INFOPLIST_KEY_UISupportedInterfaceOrientations_iPad = "UIInterfaceOrientationPortrait UIInterfaceOrientationPortraitUpsideDown UIInterfaceOrientationLandscapeLeft UIInterfaceOrientationLandscapeRight";
				INFOPLIST_KEY_UISupportedInterfaceOrientations_iPhone = "UIInterfaceOrientationPortrait UIInterfaceOrientationLandscapeLeft UIInterfaceOrientationLandscapeRight";
				INFOPLIST_KEY_UIUserInterfaceStyle = Light;
				LD_RUNPATH_SEARCH_PATHS = (
					"$(inherited)",
					"@executable_path/Frameworks",
				);
				MARKETING_VERSION = 1.0;
				PRODUCT_BUNDLE_IDENTIFIER = com.brocode.TilesByKia;
				PRODUCT_NAME = "$(TARGET_NAME)";
				SWIFT_EMIT_LOC_STRINGS = YES;
				SWIFT_VERSION = 5.0;
				TARGETED_DEVICE_FAMILY = 1;
			};
			name = Release;
		};
/* End XCBuildConfiguration section */

/* Begin XCConfigurationList section */
		57CC344C2826D79500BDABDE /* Build configuration list for PBXProject "TilesByKia" */ = {
			isa = XCConfigurationList;
			buildConfigurations = (
				57CC34632826D79700BDABDE /* Debug */,
				57CC34642826D79700BDABDE /* Release */,
			);
			defaultConfigurationIsVisible = 0;
			defaultConfigurationName = Release;
		};
		57CC34652826D79700BDABDE /* Build configuration list for PBXNativeTarget "TilesByKia" */ = {
			isa = XCConfigurationList;
			buildConfigurations = (
				57CC34662826D79700BDABDE /* Debug */,
				57CC34672826D79700BDABDE /* Release */,
			);
			defaultConfigurationIsVisible = 0;
			defaultConfigurationName = Release;
		};
/* End XCConfigurationList section */
	};
	rootObject = 57CC34492826D79500BDABDE /* Project object */;
}
